
Microsoft Visual Studio Solution File, Format Version 12.00
# Visual Studio 15
VisualStudioVersion = 15.0.28307.645
MinimumVisualStudioVersion = 10.0.40219.1
Project("{E24C65DC-7377-472B-9ABA-BC803B73C61A}") = "pinxixi", ".", "{2925BF94-852E-43BC-A7AF-59BC6B78C19A}"
	ProjectSection(WebsiteProperties) = preProject
		TargetFrameworkMoniker = ".NETFramework,Version%3Dv4.0"
		Debug.AspNetCompiler.VirtualPath = "/localhost_38806"
		Debug.AspNetCompiler.PhysicalPath = "E:\ASP.NET\pinxixi\"
		Debug.AspNetCompiler.TargetPath = "PrecompiledWeb\localhost_38806\"
		Debug.AspNetCompiler.Updateable = "true"
		Debug.AspNetCompiler.ForceOverwrite = "true"
		Debug.AspNetCompiler.FixedNames = "false"
		Debug.AspNetCompiler.Debug = "True"
		Release.AspNetCompiler.VirtualPath = "/localhost_38806"
		Release.AspNetCompiler.PhysicalPath = "E:\ASP.NET\pinxixi\"
		Release.AspNetCompiler.TargetPath = "PrecompiledWeb\localhost_38806\"
		Release.AspNetCompiler.Updateable = "true"
		Release.AspNetCompiler.ForceOverwrite = "true"
		Release.AspNetCompiler.FixedNames = "false"
		Release.AspNetCompiler.Debug = "False"
		VWDPort = "38806"
	EndProjectSection
EndProject
Global
	GlobalSection(SolutionConfigurationPlatforms) = preSolution
		Debug|Any CPU = Debug|Any CPU
	EndGlobalSection
	GlobalSection(ProjectConfigurationPlatforms) = postSolution
		{2925BF94-852E-43BC-A7AF-59BC6B78C19A}.Debug|Any CPU.ActiveCfg = Debug|Any CPU
		{2925BF94-852E-43BC-A7AF-59BC6B78C19A}.Debug|Any CPU.Build.0 = Debug|Any CPU
	EndGlobalSection
	GlobalSection(SolutionProperties) = preSolution
		HideSolutionNode = FALSE
	EndGlobalSection
	GlobalSection(ExtensibilityGlobals) = postSolution
		SolutionGuid = {94BF1194-88B6-46FF-936E-1933536CA787}
	EndGlobalSection
EndGlobal
